// !$*UTF8*$!
{
	archiveVersion = 1;
	classes = {
	};
	objectVersion = 55;
	objects = {

/* Begin PBXBuildFile section */
		8C3599692851CF09003F4772 /* AppDelegate.swift in Sources */ = {isa = PBXBuildFile; fileRef = 8C3599682851CF09003F4772 /* AppDelegate.swift */; };
		8C35996B2851CF09003F4772 /* SceneDelegate.swift in Sources */ = {isa = PBXBuildFile; fileRef = 8C35996A2851CF09003F4772 /* SceneDelegate.swift */; };
		8C35996D2851CF09003F4772 /* ViewController.swift in Sources */ = {isa = PBXBuildFile; fileRef = 8C35996C2851CF09003F4772 /* ViewController.swift */; };
		8C3599702851CF09003F4772 /* Main.storyboard in Resources */ = {isa = PBXBuildFile; fileRef = 8C35996E2851CF09003F4772 /* Main.storyboard */; };
		8C3599722851CF0B003F4772 /* Assets.xcassets in Resources */ = {isa = PBXBuildFile; fileRef = 8C3599712851CF0B003F4772 /* Assets.xcassets */; };
		8C3599752851CF0B003F4772 /* LaunchScreen.storyboard in Resources */ = {isa = PBXBuildFile; fileRef = 8C3599732851CF0B003F4772 /* LaunchScreen.storyboard */; };
		8C3599802851CF0B003F4772 /* PopularPeopleExampleTests.swift in Sources */ = {isa = PBXBuildFile; fileRef = 8C35997F2851CF0B003F4772 /* PopularPeopleExampleTests.swift */; };
		8C35998A2851CF0B003F4772 /* PopularPeopleExampleUITests.swift in Sources */ = {isa = PBXBuildFile; fileRef = 8C3599892851CF0B003F4772 /* PopularPeopleExampleUITests.swift */; };
		8C35998C2851CF0B003F4772 /* PopularPeopleExampleUITestsLaunchTests.swift in Sources */ = {isa = PBXBuildFile; fileRef = 8C35998B2851CF0B003F4772 /* PopularPeopleExampleUITestsLaunchTests.swift */; };
/* End PBXBuildFile section */

/* Begin PBXContainerItemProxy section */
		8C35997C2851CF0B003F4772 /* PBXContainerItemProxy */ = {
			isa = PBXContainerItemProxy;
			containerPortal = 8C35995D2851CF09003F4772 /* Project object */;
			proxyType = 1;
			remoteGlobalIDString = 8C3599642851CF09003F4772;
			remoteInfo = PopularPeopleExample;
		};
		8C3599862851CF0B003F4772 /* PBXContainerItemProxy */ = {
			isa = PBXContainerItemProxy;
			containerPortal = 8C35995D2851CF09003F4772 /* Project object */;
			proxyType = 1;
			remoteGlobalIDString = 8C3599642851CF09003F4772;
			remoteInfo = PopularPeopleExample;
		};
/* End PBXContainerItemProxy section */

/* Begin PBXFileReference section */
		8C3599652851CF09003F4772 /* PopularPeopleExample.app */ = {isa = PBXFileReference; explicitFileType = wrapper.application; includeInIndex = 0; path = PopularPeopleExample.app; sourceTree = BUILT_PRODUCTS_DIR; };
		8C3599682851CF09003F4772 /* AppDelegate.swift */ = {isa = PBXFileReference; lastKnownFileType = sourcecode.swift; path = AppDelegate.swift; sourceTree = "<group>"; };
		8C35996A2851CF09003F4772 /* SceneDelegate.swift */ = {isa = PBXFileReference; lastKnownFileType = sourcecode.swift; path = SceneDelegate.swift; sourceTree = "<group>"; };
		8C35996C2851CF09003F4772 /* ViewController.swift */ = {isa = PBXFileReference; lastKnownFileType = sourcecode.swift; path = ViewController.swift; sourceTree = "<group>"; };
		8C35996F2851CF09003F4772 /* Base */ = {isa = PBXFileReference; lastKnownFileType = file.storyboard; name = Base; path = Base.lproj/Main.storyboard; sourceTree = "<group>"; };
		8C3599712851CF0B003F4772 /* Assets.xcassets */ = {isa = PBXFileReference; lastKnownFileType = folder.assetcatalog; path = Assets.xcassets; sourceTree = "<group>"; };
		8C3599742851CF0B003F4772 /* Base */ = {isa = PBXFileReference; lastKnownFileType = file.storyboard; name = Base; path = Base.lproj/LaunchScreen.storyboard; sourceTree = "<group>"; };
		8C3599762851CF0B003F4772 /* Info.plist */ = {isa = PBXFileReference; lastKnownFileType = text.plist.xml; path = Info.plist; sourceTree = "<group>"; };
		8C35997B2851CF0B003F4772 /* PopularPeopleExampleTests.xctest */ = {isa = PBXFileReference; explicitFileType = wrapper.cfbundle; includeInIndex = 0; path = PopularPeopleExampleTests.xctest; sourceTree = BUILT_PRODUCTS_DIR; };
		8C35997F2851CF0B003F4772 /* PopularPeopleExampleTests.swift */ = {isa = PBXFileReference; lastKnownFileType = sourcecode.swift; path = PopularPeopleExampleTests.swift; sourceTree = "<group>"; };
		8C3599852851CF0B003F4772 /* PopularPeopleExampleUITests.xctest */ = {isa = PBXFileReference; explicitFileType = wrapper.cfbundle; includeInIndex = 0; path = PopularPeopleExampleUITests.xctest; sourceTree = BUILT_PRODUCTS_DIR; };
		8C3599892851CF0B003F4772 /* PopularPeopleExampleUITests.swift */ = {isa = PBXFileReference; lastKnownFileType = sourcecode.swift; path = PopularPeopleExampleUITests.swift; sourceTree = "<group>"; };
		8C35998B2851CF0B003F4772 /* PopularPeopleExampleUITestsLaunchTests.swift */ = {isa = PBXFileReference; lastKnownFileType = sourcecode.swift; path = PopularPeopleExampleUITestsLaunchTests.swift; sourceTree = "<group>"; };
/* End PBXFileReference section */

/* Begin PBXFrameworksBuildPhase section */
		8C3599622851CF09003F4772 /* Frameworks */ = {
			isa = PBXFrameworksBuildPhase;
			buildActionMask = 2147483647;
			files = (
			);
			runOnlyForDeploymentPostprocessing = 0;
		};
		8C3599782851CF0B003F4772 /* Frameworks */ = {
			isa = PBXFrameworksBuildPhase;
			buildActionMask = 2147483647;
			files = (
			);
			runOnlyForDeploymentPostprocessing = 0;
		};
		8C3599822851CF0B003F4772 /* Frameworks */ = {
			isa = PBXFrameworksBuildPhase;
			buildActionMask = 2147483647;
			files = (
			);
			runOnlyForDeploymentPostprocessing = 0;
		};
/* End PBXFrameworksBuildPhase section */

/* Begin PBXGroup section */
		8C35995C2851CF09003F4772 = {
			isa = PBXGroup;
			children = (
				8C3599672851CF09003F4772 /* PopularPeopleExample */,
				8C35997E2851CF0B003F4772 /* PopularPeopleExampleTests */,
				8C3599882851CF0B003F4772 /* PopularPeopleExampleUITests */,
				8C3599662851CF09003F4772 /* Products */,
			);
			sourceTree = "<group>";
		};
		8C3599662851CF09003F4772 /* Products */ = {
			isa = PBXGroup;
			children = (
				8C3599652851CF09003F4772 /* PopularPeopleExample.app */,
				8C35997B2851CF0B003F4772 /* PopularPeopleExampleTests.xctest */,
				8C3599852851CF0B003F4772 /* PopularPeopleExampleUITests.xctest */,
			);
			name = Products;
			sourceTree = "<group>";
		};
		8C3599672851CF09003F4772 /* PopularPeopleExample */ = {
			isa = PBXGroup;
			children = (
				8C3599682851CF09003F4772 /* AppDelegate.swift */,
				8C35996A2851CF09003F4772 /* SceneDelegate.swift */,
				8C35996C2851CF09003F4772 /* ViewController.swift */,
				8C35996E2851CF09003F4772 /* Main.storyboard */,
				8C3599712851CF0B003F4772 /* Assets.xcassets */,
				8C3599732851CF0B003F4772 /* LaunchScreen.storyboard */,
				8C3599762851CF0B003F4772 /* Info.plist */,
			);
			path = PopularPeopleExample;
			sourceTree = "<group>";
		};
		8C35997E2851CF0B003F4772 /* PopularPeopleExampleTests */ = {
			isa = PBXGroup;
			children = (
				8C35997F2851CF0B003F4772 /* PopularPeopleExampleTests.swift */,
			);
			path = PopularPeopleExampleTests;
			sourceTree = "<group>";
		};
		8C3599882851CF0B003F4772 /* PopularPeopleExampleUITests */ = {
			isa = PBXGroup;
			children = (
				8C3599892851CF0B003F4772 /* PopularPeopleExampleUITests.swift */,
				8C35998B2851CF0B003F4772 /* PopularPeopleExampleUITestsLaunchTests.swift */,
			);
			path = PopularPeopleExampleUITests;
			sourceTree = "<group>";
		};
/* End PBXGroup section */

/* Begin PBXNativeTarget section */
		8C3599642851CF09003F4772 /* PopularPeopleExample */ = {
			isa = PBXNativeTarget;
			buildConfigurationList = 8C35998F2851CF0B003F4772 /* Build configuration list for PBXNativeTarget "PopularPeopleExample" */;
			buildPhases = (
				8C3599612851CF09003F4772 /* Sources */,
				8C3599622851CF09003F4772 /* Frameworks */,
				8C3599632851CF09003F4772 /* Resources */,
			);
			buildRules = (
			);
			dependencies = (
			);
			name = PopularPeopleExample;
			productName = PopularPeopleExample;
			productReference = 8C3599652851CF09003F4772 /* PopularPeopleExample.app */;
			productType = "com.apple.product-type.application";
		};
		8C35997A2851CF0B003F4772 /* PopularPeopleExampleTests */ = {
			isa = PBXNativeTarget;
			buildConfigurationList = 8C3599922851CF0B003F4772 /* Build configuration list for PBXNativeTarget "PopularPeopleExampleTests" */;
			buildPhases = (
				8C3599772851CF0B003F4772 /* Sources */,
				8C3599782851CF0B003F4772 /* Frameworks */,
				8C3599792851CF0B003F4772 /* Resources */,
			);
			buildRules = (
			);
			dependencies = (
				8C35997D2851CF0B003F4772 /* PBXTargetDependency */,
			);
			name = PopularPeopleExampleTests;
			productName = PopularPeopleExampleTests;
			productReference = 8C35997B2851CF0B003F4772 /* PopularPeopleExampleTests.xctest */;
			productType = "com.apple.product-type.bundle.unit-test";
		};
		8C3599842851CF0B003F4772 /* PopularPeopleExampleUITests */ = {
			isa = PBXNativeTarget;
			buildConfigurationList = 8C3599952851CF0B003F4772 /* Build configuration list for PBXNativeTarget "PopularPeopleExampleUITests" */;
			buildPhases = (
				8C3599812851CF0B003F4772 /* Sources */,
				8C3599822851CF0B003F4772 /* Frameworks */,
				8C3599832851CF0B003F4772 /* Resources */,
			);
			buildRules = (
			);
			dependencies = (
				8C3599872851CF0B003F4772 /* PBXTargetDependency */,
			);
			name = PopularPeopleExampleUITests;
			productName = PopularPeopleExampleUITests;
			productReference = 8C3599852851CF0B003F4772 /* PopularPeopleExampleUITests.xctest */;
			productType = "com.apple.product-type.bundle.ui-testing";
		};
/* End PBXNativeTarget section */

/* Begin PBXProject section */
		8C35995D2851CF09003F4772 /* Project object */ = {
			isa = PBXProject;
			attributes = {
				BuildIndependentTargetsInParallel = 1;
				LastSwiftUpdateCheck = 1340;
				LastUpgradeCheck = 1340;
				TargetAttributes = {
					8C3599642851CF09003F4772 = {
						CreatedOnToolsVersion = 13.4;
					};
					8C35997A2851CF0B003F4772 = {
						CreatedOnToolsVersion = 13.4;
						TestTargetID = 8C3599642851CF09003F4772;
					};
					8C3599842851CF0B003F4772 = {
						CreatedOnToolsVersion = 13.4;
						TestTargetID = 8C3599642851CF09003F4772;
					};
				};
			};
			buildConfigurationList = 8C3599602851CF09003F4772 /* Build configuration list for PBXProject "PopularPeopleExample" */;
			compatibilityVersion = "Xcode 13.0";
			developmentRegion = en;
			hasScannedForEncodings = 0;
			knownRegions = (
				en,
				Base,
			);
			mainGroup = 8C35995C2851CF09003F4772;
			productRefGroup = 8C3599662851CF09003F4772 /* Products */;
			projectDirPath = "";
			projectRoot = "";
			targets = (
				8C3599642851CF09003F4772 /* PopularPeopleExample */,
				8C35997A2851CF0B003F4772 /* PopularPeopleExampleTests */,
				8C3599842851CF0B003F4772 /* PopularPeopleExampleUITests */,
			);
		};
/* End PBXProject section */

/* Begin PBXResourcesBuildPhase section */
		8C3599632851CF09003F4772 /* Resources */ = {
			isa = PBXResourcesBuildPhase;
			buildActionMask = 2147483647;
			files = (
				8C3599752851CF0B003F4772 /* LaunchScreen.storyboard in Resources */,
				8C3599722851CF0B003F4772 /* Assets.xcassets in Resources */,
				8C3599702851CF09003F4772 /* Main.storyboard in Resources */,
			);
			runOnlyForDeploymentPostprocessing = 0;
		};
		8C3599792851CF0B003F4772 /* Resources */ = {
			isa = PBXResourcesBuildPhase;
			buildActionMask = 2147483647;
			files = (
			);
			runOnlyForDeploymentPostprocessing = 0;
		};
		8C3599832851CF0B003F4772 /* Resources */ = {
			isa = PBXResourcesBuildPhase;
			buildActionMask = 2147483647;
			files = (
			);
			runOnlyForDeploymentPostprocessing = 0;
		};
/* End PBXResourcesBuildPhase section */

/* Begin PBXSourcesBuildPhase section */
		8C3599612851CF09003F4772 /* Sources */ = {
			isa = PBXSourcesBuildPhase;
			buildActionMask = 2147483647;
			files = (
				8C35996D2851CF09003F4772 /* ViewController.swift in Sources */,
				8C3599692851CF09003F4772 /* AppDelegate.swift in Sources */,
				8C35996B2851CF09003F4772 /* SceneDelegate.swift in Sources */,
			);
			runOnlyForDeploymentPostprocessing = 0;
		};
		8C3599772851CF0B003F4772 /* Sources */ = {
			isa = PBXSourcesBuildPhase;
			buildActionMask = 2147483647;
			files = (
				8C3599802851CF0B003F4772 /* PopularPeopleExampleTests.swift in Sources */,
			);
			runOnlyForDeploymentPostprocessing = 0;
		};
		8C3599812851CF0B003F4772 /* Sources */ = {
			isa = PBXSourcesBuildPhase;
			buildActionMask = 2147483647;
			files = (
				8C35998C2851CF0B003F4772 /* PopularPeopleExampleUITestsLaunchTests.swift in Sources */,
				8C35998A2851CF0B003F4772 /* PopularPeopleExampleUITests.swift in Sources */,
			);
			runOnlyForDeploymentPostprocessing = 0;
		};
/* End PBXSourcesBuildPhase section */

/* Begin PBXTargetDependency section */
		8C35997D2851CF0B003F4772 /* PBXTargetDependency */ = {
			isa = PBXTargetDependency;
			target = 8C3599642851CF09003F4772 /* PopularPeopleExample */;
			targetProxy = 8C35997C2851CF0B003F4772 /* PBXContainerItemProxy */;
		};
		8C3599872851CF0B003F4772 /* PBXTargetDependency */ = {
			isa = PBXTargetDependency;
			target = 8C3599642851CF09003F4772 /* PopularPeopleExample */;
			targetProxy = 8C3599862851CF0B003F4772 /* PBXContainerItemProxy */;
		};
/* End PBXTargetDependency section */

/* Begin PBXVariantGroup section */
		8C35996E2851CF09003F4772 /* Main.storyboard */ = {
			isa = PBXVariantGroup;
			children = (
				8C35996F2851CF09003F4772 /* Base */,
			);
			name = Main.storyboard;
			sourceTree = "<group>";
		};
		8C3599732851CF0B003F4772 /* LaunchScreen.storyboard */ = {
			isa = PBXVariantGroup;
			children = (
				8C3599742851CF0B003F4772 /* Base */,
			);
			name = LaunchScreen.storyboard;
			sourceTree = "<group>";
		};
/* End PBXVariantGroup section */

/* Begin XCBuildConfiguration section */
		8C35998D2851CF0B003F4772 /* Debug */ = {
			isa = XCBuildConfiguration;
			buildSettings = {
				ALWAYS_SEARCH_USER_PATHS = NO;
				CLANG_ANALYZER_NONNULL = YES;
				CLANG_ANALYZER_NUMBER_OBJECT_CONVERSION = YES_AGGRESSIVE;
				CLANG_CXX_LANGUAGE_STANDARD = "gnu++17";
				CLANG_ENABLE_MODULES = YES;
				CLANG_ENABLE_OBJC_ARC = YES;
				CLANG_ENABLE_OBJC_WEAK = YES;
				CLANG_WARN_BLOCK_CAPTURE_AUTORELEASING = YES;
				CLANG_WARN_BOOL_CONVERSION = YES;
				CLANG_WARN_COMMA = YES;
				CLANG_WARN_CONSTANT_CONVERSION = YES;
				CLANG_WARN_DEPRECATED_OBJC_IMPLEMENTATIONS = YES;
				CLANG_WARN_DIRECT_OBJC_ISA_USAGE = YES_ERROR;
				CLANG_WARN_DOCUMENTATION_COMMENTS = YES;
				CLANG_WARN_EMPTY_BODY = YES;
				CLANG_WARN_ENUM_CONVERSION = YES;
				CLANG_WARN_INFINITE_RECURSION = YES;
				CLANG_WARN_INT_CONVERSION = YES;
				CLANG_WARN_NON_LITERAL_NULL_CONVERSION = YES;
				CLANG_WARN_OBJC_IMPLICIT_RETAIN_SELF = YES;
				CLANG_WARN_OBJC_LITERAL_CONVERSION = YES;
				CLANG_WARN_OBJC_ROOT_CLASS = YES_ERROR;
				CLANG_WARN_QUOTED_INCLUDE_IN_FRAMEWORK_HEADER = YES;
				CLANG_WARN_RANGE_LOOP_ANALYSIS = YES;
				CLANG_WARN_STRICT_PROTOTYPES = YES;
				CLANG_WARN_SUSPICIOUS_MOVE = YES;
				CLANG_WARN_UNGUARDED_AVAILABILITY = YES_AGGRESSIVE;
				CLANG_WARN_UNREACHABLE_CODE = YES;
				CLANG_WARN__DUPLICATE_METHOD_MATCH = YES;
				COPY_PHASE_STRIP = NO;
				DEBUG_INFORMATION_FORMAT = dwarf;
				ENABLE_STRICT_OBJC_MSGSEND = YES;
				ENABLE_TESTABILITY = YES;
				GCC_C_LANGUAGE_STANDARD = gnu11;
				GCC_DYNAMIC_NO_PIC = NO;
				GCC_NO_COMMON_BLOCKS = YES;
				GCC_OPTIMIZATION_LEVEL = 0;
				GCC_PREPROCESSOR_DEFINITIONS = (
					"DEBUG=1",
					"$(inherited)",
				);
				GCC_WARN_64_TO_32_BIT_CONVERSION = YES;
				GCC_WARN_ABOUT_RETURN_TYPE = YES_ERROR;
				GCC_WARN_UNDECLARED_SELECTOR = YES;
				GCC_WARN_UNINITIALIZED_AUTOS = YES_AGGRESSIVE;
				GCC_WARN_UNUSED_FUNCTION = YES;
				GCC_WARN_UNUSED_VARIABLE = YES;
				IPHONEOS_DEPLOYMENT_TARGET = 15.5;
				MTL_ENABLE_DEBUG_INFO = INCLUDE_SOURCE;
				MTL_FAST_MATH = YES;
				ONLY_ACTIVE_ARCH = YES;
				SDKROOT = iphoneos;
				SWIFT_ACTIVE_COMPILATION_CONDITIONS = DEBUG;
				SWIFT_OPTIMIZATION_LEVEL = "-Onone";
			};
			name = Debug;
		};
		8C35998E2851CF0B003F4772 /* Release */ = {
			isa = XCBuildConfiguration;
			buildSettings = {
				ALWAYS_SEARCH_USER_PATHS = NO;
				CLANG_ANALYZER_NONNULL = YES;
				CLANG_ANALYZER_NUMBER_OBJECT_CONVERSION = YES_AGGRESSIVE;
				CLANG_CXX_LANGUAGE_STANDARD = "gnu++17";
				CLANG_ENABLE_MODULES = YES;
				CLANG_ENABLE_OBJC_ARC = YES;
				CLANG_ENABLE_OBJC_WEAK = YES;
				CLANG_WARN_BLOCK_CAPTURE_AUTORELEASING = YES;
				CLANG_WARN_BOOL_CONVERSION = YES;
				CLANG_WARN_COMMA = YES;
				CLANG_WARN_CONSTANT_CONVERSION = YES;
				CLANG_WARN_DEPRECATED_OBJC_IMPLEMENTATIONS = YES;
				CLANG_WARN_DIRECT_OBJC_ISA_USAGE = YES_ERROR;
				CLANG_WARN_DOCUMENTATION_COMMENTS = YES;
				CLANG_WARN_EMPTY_BODY = YES;
				CLANG_WARN_ENUM_CONVERSION = YES;
				CLANG_WARN_INFINITE_RECURSION = YES;
				CLANG_WARN_INT_CONVERSION = YES;
				CLANG_WARN_NON_LITERAL_NULL_CONVERSION = YES;
				CLANG_WARN_OBJC_IMPLICIT_RETAIN_SELF = YES;
				CLANG_WARN_OBJC_LITERAL_CONVERSION = YES;
				CLANG_WARN_OBJC_ROOT_CLASS = YES_ERROR;
				CLANG_WARN_QUOTED_INCLUDE_IN_FRAMEWORK_HEADER = YES;
				CLANG_WARN_RANGE_LOOP_ANALYSIS = YES;
				CLANG_WARN_STRICT_PROTOTYPES = YES;
				CLANG_WARN_SUSPICIOUS_MOVE = YES;
				CLANG_WARN_UNGUARDED_AVAILABILITY = YES_AGGRESSIVE;
				CLANG_WARN_UNREACHABLE_CODE = YES;
				CLANG_WARN__DUPLICATE_METHOD_MATCH = YES;
				COPY_PHASE_STRIP = NO;
				DEBUG_INFORMATION_FORMAT = "dwarf-with-dsym";
				ENABLE_NS_ASSERTIONS = NO;
				ENABLE_STRICT_OBJC_MSGSEND = YES;
				GCC_C_LANGUAGE_STANDARD = gnu11;
				GCC_NO_COMMON_BLOCKS = YES;
				GCC_WARN_64_TO_32_BIT_CONVERSION = YES;
				GCC_WARN_ABOUT_RETURN_TYPE = YES_ERROR;
				GCC_WARN_UNDECLARED_SELECTOR = YES;
				GCC_WARN_UNINITIALIZED_AUTOS = YES_AGGRESSIVE;
				GCC_WARN_UNUSED_FUNCTION = YES;
				GCC_WARN_UNUSED_VARIABLE = YES;
				IPHONEOS_DEPLOYMENT_TARGET = 15.5;
				MTL_ENABLE_DEBUG_INFO = NO;
				MTL_FAST_MATH = YES;
				SDKROOT = iphoneos;
				SWIFT_COMPILATION_MODE = wholemodule;
				SWIFT_OPTIMIZATION_LEVEL = "-O";
				VALIDATE_PRODUCT = YES;
			};
			name = Release;
		};
		8C3599902851CF0B003F4772 /* Debug */ = {
			isa = XCBuildConfiguration;
			buildSettings = {
				ASSETCATALOG_COMPILER_APPICON_NAME = AppIcon;
				ASSETCATALOG_COMPILER_GLOBAL_ACCENT_COLOR_NAME = AccentColor;
				CODE_SIGN_STYLE = Automatic;
				CURRENT_PROJECT_VERSION = 1;
				GENERATE_INFOPLIST_FILE = YES;
				INFOPLIST_FILE = PopularPeopleExample/Info.plist;
				INFOPLIST_KEY_UIApplicationSupportsIndirectInputEvents = YES;
				INFOPLIST_KEY_UILaunchStoryboardName = LaunchScreen;
				INFOPLIST_KEY_UIMainStoryboardFile = Main;
				INFOPLIST_KEY_UISupportedInterfaceOrientations_iPad = "UIInterfaceOrientationPortrait UIInterfaceOrientationPortraitUpsideDown UIInterfaceOrientationLandscapeLeft UIInterfaceOrientationLandscapeRight";
				INFOPLIST_KEY_UISupportedInterfaceOrientations_iPhone = "UIInterfaceOrientationPortrait UIInterfaceOrientationLandscapeLeft UIInterfaceOrientationLandscapeRight";
				LD_RUNPATH_SEARCH_PATHS = (
					"$(inherited)",
					"@executable_path/Frameworks",
				);
				MARKETING_VERSION = 1.0;
				PRODUCT_BUNDLE_IDENTIFIER = publicis.PopularPeopleExample;
				PRODUCT_NAME = "$(TARGET_NAME)";
				SWIFT_EMIT_LOC_STRINGS = YES;
				SWIFT_VERSION = 5.0;
				TARGETED_DEVICE_FAMILY = "1,2";
			};
			name = Debug;
		};
		8C3599912851CF0B003F4772 /* Release */ = {
			isa = XCBuildConfiguration;
			buildSettings = {
				ASSETCATALOG_COMPILER_APPICON_NAME = AppIcon;
				ASSETCATALOG_COMPILER_GLOBAL_ACCENT_COLOR_NAME = AccentColor;
				CODE_SIGN_STYLE = Automatic;
				CURRENT_PROJECT_VERSION = 1;
				GENERATE_INFOPLIST_FILE = YES;
				INFOPLIST_FILE = PopularPeopleExample/Info.plist;
				INFOPLIST_KEY_UIApplicationSupportsIndirectInputEvents = YES;
				INFOPLIST_KEY_UILaunchStoryboardName = LaunchScreen;
				INFOPLIST_KEY_UIMainStoryboardFile = Main;
				INFOPLIST_KEY_UISupportedInterfaceOrientations_iPad = "UIInterfaceOrientationPortrait UIInterfaceOrientationPortraitUpsideDown UIInterfaceOrientationLandscapeLeft UIInterfaceOrientationLandscapeRight";
				INFOPLIST_KEY_UISupportedInterfaceOrientations_iPhone = "UIInterfaceOrientationPortrait UIInterfaceOrientationLandscapeLeft UIInterfaceOrientationLandscapeRight";
				LD_RUNPATH_SEARCH_PATHS = (
					"$(inherited)",
					"@executable_path/Frameworks",
				);
				MARKETING_VERSION = 1.0;
				PRODUCT_BUNDLE_IDENTIFIER = publicis.PopularPeopleExample;
				PRODUCT_NAME = "$(TARGET_NAME)";
				SWIFT_EMIT_LOC_STRINGS = YES;
				SWIFT_VERSION = 5.0;
				TARGETED_DEVICE_FAMILY = "1,2";
			};
			name = Release;
		};
		8C3599932851CF0B003F4772 /* Debug */ = {
			isa = XCBuildConfiguration;
			buildSettings = {
				ALWAYS_EMBED_SWIFT_STANDARD_LIBRARIES = YES;
				BUNDLE_LOADER = "$(TEST_HOST)";
				CODE_SIGN_STYLE = Automatic;
				CURRENT_PROJECT_VERSION = 1;
				GENERATE_INFOPLIST_FILE = YES;
				IPHONEOS_DEPLOYMENT_TARGET = 15.5;
				MARKETING_VERSION = 1.0;
				PRODUCT_BUNDLE_IDENTIFIER = publicis.PopularPeopleExampleTests;
				PRODUCT_NAME = "$(TARGET_NAME)";
				SWIFT_EMIT_LOC_STRINGS = NO;
				SWIFT_VERSION = 5.0;
				TARGETED_DEVICE_FAMILY = "1,2";
				TEST_HOST = "$(BUILT_PRODUCTS_DIR)/PopularPeopleExample.app/PopularPeopleExample";
			};
			name = Debug;
		};
		8C3599942851CF0B003F4772 /* Release */ = {
			isa = XCBuildConfiguration;
			buildSettings = {
				ALWAYS_EMBED_SWIFT_STANDARD_LIBRARIES = YES;
				BUNDLE_LOADER = "$(TEST_HOST)";
				CODE_SIGN_STYLE = Automatic;
				CURRENT_PROJECT_VERSION = 1;
				GENERATE_INFOPLIST_FILE = YES;
				IPHONEOS_DEPLOYMENT_TARGET = 15.5;
				MARKETING_VERSION = 1.0;
				PRODUCT_BUNDLE_IDENTIFIER = publicis.PopularPeopleExampleTests;
				PRODUCT_NAME = "$(TARGET_NAME)";
				SWIFT_EMIT_LOC_STRINGS = NO;
				SWIFT_VERSION = 5.0;
				TARGETED_DEVICE_FAMILY = "1,2";
				TEST_HOST = "$(BUILT_PRODUCTS_DIR)/PopularPeopleExample.app/PopularPeopleExample";
			};
			name = Release;
		};
		8C3599962851CF0B003F4772 /* Debug */ = {
			isa = XCBuildConfiguration;
			buildSettings = {
				ALWAYS_EMBED_SWIFT_STANDARD_LIBRARIES = YES;
				CODE_SIGN_STYLE = Automatic;
				CURRENT_PROJECT_VERSION = 1;
				GENERATE_INFOPLIST_FILE = YES;
				MARKETING_VERSION = 1.0;
				PRODUCT_BUNDLE_IDENTIFIER = publicis.PopularPeopleExampleUITests;
				PRODUCT_NAME = "$(TARGET_NAME)";
				SWIFT_EMIT_LOC_STRINGS = NO;
				SWIFT_VERSION = 5.0;
				TARGETED_DEVICE_FAMILY = "1,2";
				TEST_TARGET_NAME = PopularPeopleExample;
			};
			name = Debug;
		};
		8C3599972851CF0B003F4772 /* Release */ = {
			isa = XCBuildConfiguration;
			buildSettings = {
				ALWAYS_EMBED_SWIFT_STANDARD_LIBRARIES = YES;
				CODE_SIGN_STYLE = Automatic;
				CURRENT_PROJECT_VERSION = 1;
				GENERATE_INFOPLIST_FILE = YES;
				MARKETING_VERSION = 1.0;
				PRODUCT_BUNDLE_IDENTIFIER = publicis.PopularPeopleExampleUITests;
				PRODUCT_NAME = "$(TARGET_NAME)";
				SWIFT_EMIT_LOC_STRINGS = NO;
				SWIFT_VERSION = 5.0;
				TARGETED_DEVICE_FAMILY = "1,2";
				TEST_TARGET_NAME = PopularPeopleExample;
			};
			name = Release;
		};
/* End XCBuildConfiguration section */

/* Begin XCConfigurationList section */
		8C3599602851CF09003F4772 /* Build configuration list for PBXProject "PopularPeopleExample" */ = {
			isa = XCConfigurationList;
			buildConfigurations = (
				8C35998D2851CF0B003F4772 /* Debug */,
				8C35998E2851CF0B003F4772 /* Release */,
			);
			defaultConfigurationIsVisible = 0;
			defaultConfigurationName = Release;
		};
		8C35998F2851CF0B003F4772 /* Build configuration list for PBXNativeTarget "PopularPeopleExample" */ = {
			isa = XCConfigurationList;
			buildConfigurations = (
				8C3599902851CF0B003F4772 /* Debug */,
				8C3599912851CF0B003F4772 /* Release */,
			);
			defaultConfigurationIsVisible = 0;
			defaultConfigurationName = Release;
		};
		8C3599922851CF0B003F4772 /* Build configuration list for PBXNativeTarget "PopularPeopleExampleTests" */ = {
			isa = XCConfigurationList;
			buildConfigurations = (
				8C3599932851CF0B003F4772 /* Debug */,
				8C3599942851CF0B003F4772 /* Release */,
			);
			defaultConfigurationIsVisible = 0;
			defaultConfigurationName = Release;
		};
		8C3599952851CF0B003F4772 /* Build configuration list for PBXNativeTarget "PopularPeopleExampleUITests" */ = {
			isa = XCConfigurationList;
			buildConfigurations = (
				8C3599962851CF0B003F4772 /* Debug */,
				8C3599972851CF0B003F4772 /* Release */,
			);
			defaultConfigurationIsVisible = 0;
			defaultConfigurationName = Release;
		};
/* End XCConfigurationList section */
	};
	rootObject = 8C35995D2851CF09003F4772 /* Project object */;
}
